# NOTICE: This lockfile contains some overrides from shard.override.yml
version: 2.0
shards:
  ameba:
    git: https://github.com/crystal-ameba/ameba.git
    version: 1.6.4

  baked_file_system:
    git: https://github.com/ralsina/baked_file_system.git
    version: 0.10.0+git.commit.beb373124c7a235cfb9cd94e36849d8168eaa04b

  base58:
    git: https://github.com/crystal-china/base58.cr.git
    version: 0.1.0+git.commit.0e2c44d16a8098b00d8bf0b74add8bb9ea2f1c5f

  cable:
    git: https://github.com/cable-cr/cable.git
    version: 0.4.0+git.commit.cb4765ac1749c05738aee4d68d4ce69f3d999240

  crimage:
    git: https://github.com/naqvis/crimage.git
    version: 1.0.5+git.commit.2b3abbcdca426a2a13a39b986326f9a2f7f65bc6

  cron_parser:
    git: https://github.com/kostya/cron_parser.git
    version: 0.4.0

  db:
    git: https://github.com/crystal-lang/crystal-db.git
    version: 0.14.0

  docopt:
    git: https://github.com/ralsina/docopt.cr.git
    version: 0.3.1

  future:
    git: https://github.com/crystal-community/future.cr.git
    version: 1.0.0

  goban:
    git: https://github.com/soya-daizu/goban.git
    version: 1.8.0+git.commit.b076fb4e91969efd5ee0b2be2ee4cbd74c983548

  habitat:
    git: https://github.com/luckyframework/habitat.git
    version: 0.4.9

  i18n:
    git: https://github.com/crystal-i18n/i18n.git
    version: 0.2.2

  markd:
    git: https://github.com/icyleaf/markd.git
    version: 0.5.0

  marten: # Overridden
    path: ../marten-src
    version: 0.6.3

  marten_auth:
    git: https://github.com/martenframework/marten-auth.git
    version: 0.2.1

  marten_cable: # Overridden
    path: ../marten-cable
    version: 0.1.0

  marten_delegated_type: # Overridden
    path: ../marten-delegated-type
    version: 0.1.0

  marten_turbo:
    path: ../marten-turbo
    version: 0.3.0

  msgpack:
    git: https://github.com/crystal-community/msgpack-crystal.git
    version: 1.3.5

  sixteen:
    git: https://github.com/ralsina/sixteen.git
    version: 0.7.0

  sqlite3:
    git: https://github.com/crystal-lang/crystal-sqlite3.git
    version: 0.23.0

  tartrazine:
    git: https://github.com/ralsina/tartrazine.git
    version: 0.20.1

  tasker:
    git: https://github.com/spider-gazelle/tasker.git
    version: 2.1.4

  vips:
    git: https://github.com/naqvis/crystal-vips.git
    version: 0.1.6

